Microsoft Visual Studio Solution File, Format Version 12.00
# Visual Studio Version 17
VisualStudioVersion = 17.5.2.0
MinimumVisualStudioVersion = 10.0.40219.1
Project("{FAE04EC0-301F-11D3-BF4B-00C04F79EFBC}") = "ProjectWorkAPI", "ProjectWorkAPI.csproj", "{436C0EDE-F774-2A5B-5694-F8F28C10FB6C}"
EndProject
Global
	GlobalSection(SolutionConfigurationPlatforms) = preSolution
		Debug|Any CPU = Debug|Any CPU
		Release|Any CPU = Release|Any CPU
	EndGlobalSection
	GlobalSection(ProjectConfigurationPlatforms) = postSolution
		{436C0EDE-F774-2A5B-5694-F8F28C10FB6C}.Debug|Any CPU.ActiveCfg = Debug|Any CPU
		{436C0EDE-F774-2A5B-5694-F8F28C10FB6C}.Debug|Any CPU.Build.0 = Debug|Any CPU
		{436C0EDE-F774-2A5B-5694-F8F28C10FB6C}.Release|Any CPU.ActiveCfg = Release|Any CPU
		{436C0EDE-F774-2A5B-5694-F8F28C10FB6C}.Release|Any CPU.Build.0 = Release|Any CPU
	EndGlobalSection
	GlobalSection(SolutionProperties) = preSolution
		HideSolutionNode = FALSE
	EndGlobalSection
	GlobalSection(ExtensibilityGlobals) = postSolution
		SolutionGuid = {82D1F14F-8A61-4954-BAC5-BD470F8CB246}
	EndGlobalSection
EndGlobal
